
Microsoft Visual Studio Solution File, Format Version 12.00
# Visual Studio 15
VisualStudioVersion = 15.0.28307.168
MinimumVisualStudioVersion = 10.0.40219.1
Project("{8BC9CEB8-8B4A-11D0-8D11-00A0C91BC942}") = "sw_1204", "sw_1204\sw_1204.vcxproj", "{D1088EC1-41D1-4041-B70C-E7C2E9B1AB57}"
EndProject
Global
	GlobalSection(SolutionConfigurationPlatforms) = preSolution
		Debug|x64 = Debug|x64
		Debug|x86 = Debug|x86
		Release|x64 = Release|x64
		Release|x86 = Release|x86
	EndGlobalSection
	GlobalSection(ProjectConfigurationPlatforms) = postSolution
		{D1088EC1-41D1-4041-B70C-E7C2E9B1AB57}.Debug|x64.ActiveCfg = Debug|x64
		{D1088EC1-41D1-4041-B70C-E7C2E9B1AB57}.Debug|x64.Build.0 = Debug|x64
		{D1088EC1-41D1-4041-B70C-E7C2E9B1AB57}.Debug|x86.ActiveCfg = Debug|Win32
		{D1088EC1-41D1-4041-B70C-E7C2E9B1AB57}.Debug|x86.Build.0 = Debug|Win32
		{D1088EC1-41D1-4041-B70C-E7C2E9B1AB57}.Release|x64.ActiveCfg = Release|x64
		{D1088EC1-41D1-4041-B70C-E7C2E9B1AB57}.Release|x64.Build.0 = Release|x64
		{D1088EC1-41D1-4041-B70C-E7C2E9B1AB57}.Release|x86.ActiveCfg = Release|Win32
		{D1088EC1-41D1-4041-B70C-E7C2E9B1AB57}.Release|x86.Build.0 = Release|Win32
	EndGlobalSection
	GlobalSection(SolutionProperties) = preSolution
		HideSolutionNode = FALSE
	EndGlobalSection
	GlobalSection(ExtensibilityGlobals) = postSolution
		SolutionGuid = {985BD89D-DACB-47A5-B7BB-7CE972D38222}
	EndGlobalSection
EndGlobal
